
Microsoft Visual Studio Solution File, Format Version 11.00
# Visual Studio 2010
Project("{FAE04EC0-301F-11D3-BF4B-00C04F79EFBC}") = "Tempest", "Desktop\Tempest.csproj", "{D6A2003C-CBB2-47B0-B306-521141D3068D}"
EndProject
Project("{FAE04EC0-301F-11D3-BF4B-00C04F79EFBC}") = "Tempest.Tests", "Desktop\Tests\Tempest.Tests.csproj", "{97D53DFA-634E-4595-9AE3-DC1BC8A5F553}"
EndProject
Project("{FAE04EC0-301F-11D3-BF4B-00C04F79EFBC}") = "SimpleChat", "Desktop\Samples\SimpleChat\SimpleChat.csproj", "{70AD4282-2C6C-4E41-859B-42E43EAB7C34}"
EndProject
Project("{2150E333-8FDC-42A3-9474-1A3956D46DE8}") = "Desktop", "Desktop", "{A38C42AE-B7A0-4541-AF9B-1552FCBCF019}"
EndProject
Project("{2150E333-8FDC-42A3-9474-1A3956D46DE8}") = "Silverlight", "Silverlight", "{0F02AF15-BD31-42A0-8460-26FB9C518854}"
EndProject
Project("{FAE04EC0-301F-11D3-BF4B-00C04F79EFBC}") = "Tempest", "Silverlight\Tempest.csproj", "{F5B008E8-2893-40BE-85CB-3A9F58AA5121}"
EndProject
Global
	GlobalSection(SolutionConfigurationPlatforms) = preSolution
		Debug|Any CPU = Debug|Any CPU
		Release|Any CPU = Release|Any CPU
	EndGlobalSection
	GlobalSection(ProjectConfigurationPlatforms) = postSolution
		{D6A2003C-CBB2-47B0-B306-521141D3068D}.Debug|Any CPU.ActiveCfg = Debug|Any CPU
		{D6A2003C-CBB2-47B0-B306-521141D3068D}.Debug|Any CPU.Build.0 = Debug|Any CPU
		{D6A2003C-CBB2-47B0-B306-521141D3068D}.Release|Any CPU.ActiveCfg = Release|Any CPU
		{D6A2003C-CBB2-47B0-B306-521141D3068D}.Release|Any CPU.Build.0 = Release|Any CPU
		{97D53DFA-634E-4595-9AE3-DC1BC8A5F553}.Debug|Any CPU.ActiveCfg = Debug|Any CPU
		{97D53DFA-634E-4595-9AE3-DC1BC8A5F553}.Debug|Any CPU.Build.0 = Debug|Any CPU
		{97D53DFA-634E-4595-9AE3-DC1BC8A5F553}.Release|Any CPU.ActiveCfg = Release|Any CPU
		{97D53DFA-634E-4595-9AE3-DC1BC8A5F553}.Release|Any CPU.Build.0 = Release|Any CPU
		{70AD4282-2C6C-4E41-859B-42E43EAB7C34}.Debug|Any CPU.ActiveCfg = Debug|Any CPU
		{70AD4282-2C6C-4E41-859B-42E43EAB7C34}.Debug|Any CPU.Build.0 = Debug|Any CPU
		{70AD4282-2C6C-4E41-859B-42E43EAB7C34}.Release|Any CPU.ActiveCfg = Release|Any CPU
		{70AD4282-2C6C-4E41-859B-42E43EAB7C34}.Release|Any CPU.Build.0 = Release|Any CPU
		{F5B008E8-2893-40BE-85CB-3A9F58AA5121}.Debug|Any CPU.ActiveCfg = Debug|Any CPU
		{F5B008E8-2893-40BE-85CB-3A9F58AA5121}.Debug|Any CPU.Build.0 = Debug|Any CPU
		{F5B008E8-2893-40BE-85CB-3A9F58AA5121}.Release|Any CPU.ActiveCfg = Release|Any CPU
		{F5B008E8-2893-40BE-85CB-3A9F58AA5121}.Release|Any CPU.Build.0 = Release|Any CPU
	EndGlobalSection
	GlobalSection(SolutionProperties) = preSolution
		HideSolutionNode = FALSE
	EndGlobalSection
	GlobalSection(NestedProjects) = preSolution
		{70AD4282-2C6C-4E41-859B-42E43EAB7C34} = {A38C42AE-B7A0-4541-AF9B-1552FCBCF019}
		{97D53DFA-634E-4595-9AE3-DC1BC8A5F553} = {A38C42AE-B7A0-4541-AF9B-1552FCBCF019}
		{D6A2003C-CBB2-47B0-B306-521141D3068D} = {A38C42AE-B7A0-4541-AF9B-1552FCBCF019}
		{F5B008E8-2893-40BE-85CB-3A9F58AA5121} = {0F02AF15-BD31-42A0-8460-26FB9C518854}
	EndGlobalSection
EndGlobal
