
Microsoft Visual Studio Solution File, Format Version 12.00
# Visual Studio Version 16
VisualStudioVersion = 16.0.29911.84
MinimumVisualStudioVersion = 10.0.40219.1
Project("{FAE04EC0-301F-11D3-BF4B-00C04F79EFBC}") = "Tempest", "Tempest\Tempest.csproj", "{2901C841-9CE8-4A2F-A822-4E371297BD55}"
EndProject
Global
	GlobalSection(SolutionConfigurationPlatforms) = preSolution
		Debug|Any CPU = Debug|Any CPU
		Release|Any CPU = Release|Any CPU
	EndGlobalSection
	GlobalSection(ProjectConfigurationPlatforms) = postSolution
		{2901C841-9CE8-4A2F-A822-4E371297BD55}.Debug|Any CPU.ActiveCfg = Debug|Any CPU
		{2901C841-9CE8-4A2F-A822-4E371297BD55}.Debug|Any CPU.Build.0 = Debug|Any CPU
		{2901C841-9CE8-4A2F-A822-4E371297BD55}.Release|Any CPU.ActiveCfg = Release|Any CPU
		{2901C841-9CE8-4A2F-A822-4E371297BD55}.Release|Any CPU.Build.0 = Release|Any CPU
	EndGlobalSection
	GlobalSection(SolutionProperties) = preSolution
		HideSolutionNode = FALSE
	EndGlobalSection
	GlobalSection(ExtensibilityGlobals) = postSolution
		SolutionGuid = {172C7DE6-CD21-4AC1-8DD2-3A4010CB24A6}
	EndGlobalSection
EndGlobal
