
Microsoft Visual Studio Solution File, Format Version 12.00
# Visual Studio 2012
Project("{FAE04EC0-301F-11D3-BF4B-00C04F79EFBC}") = "Tempest.Android", "Tempest\Tempest.Android.csproj", "{A876AF1D-C592-4A50-957D-2EB3EB4BE361}"
EndProject
Global
	GlobalSection(SolutionConfigurationPlatforms) = preSolution
		Ad-Hoc|iPhone = Ad-Hoc|iPhone
		Ad-Hoc|iPhoneSimulator = Ad-Hoc|iPhoneSimulator
		AppStore|iPhone = AppStore|iPhone
		AppStore|iPhoneSimulator = AppStore|iPhoneSimulator
		Debug|iPhone = Debug|iPhone
		Debug|iPhoneSimulator = Debug|iPhoneSimulator
		Release|iPhone = Release|iPhone
		Release|iPhoneSimulator = Release|iPhoneSimulator
	EndGlobalSection
	GlobalSection(ProjectConfigurationPlatforms) = postSolution
		{A876AF1D-C592-4A50-957D-2EB3EB4BE361}.Ad-Hoc|iPhone.ActiveCfg = Release|Any CPU
		{A876AF1D-C592-4A50-957D-2EB3EB4BE361}.Ad-Hoc|iPhoneSimulator.ActiveCfg = Release|Any CPU
		{A876AF1D-C592-4A50-957D-2EB3EB4BE361}.AppStore|iPhone.ActiveCfg = Release|Any CPU
		{A876AF1D-C592-4A50-957D-2EB3EB4BE361}.AppStore|iPhoneSimulator.ActiveCfg = Release|Any CPU
		{A876AF1D-C592-4A50-957D-2EB3EB4BE361}.Debug|iPhone.ActiveCfg = Debug|Any CPU
		{A876AF1D-C592-4A50-957D-2EB3EB4BE361}.Debug|iPhoneSimulator.ActiveCfg = Debug|Any CPU
		{A876AF1D-C592-4A50-957D-2EB3EB4BE361}.Release|iPhone.ActiveCfg = Release|Any CPU
		{A876AF1D-C592-4A50-957D-2EB3EB4BE361}.Release|iPhoneSimulator.ActiveCfg = Release|Any CPU
	EndGlobalSection
	GlobalSection(SolutionProperties) = preSolution
		HideSolutionNode = FALSE
	EndGlobalSection
EndGlobal
