
Microsoft Visual Studio Solution File, Format Version 12.00
# Visual Studio 2012
Project("{FAE04EC0-301F-11D3-BF4B-00C04F79EFBC}") = "Tempest", "Tempest\Tempest.csproj", "{7994A7C5-FBC5-486E-A345-0B7499A34589}"
EndProject
Project("{FAE04EC0-301F-11D3-BF4B-00C04F79EFBC}") = "Tempest.Tests", "..\Tests\Tempest.Tests.csproj", "{E283D6C1-33BA-4323-B746-E178A1E83D64}"
EndProject
Global
	GlobalSection(SolutionConfigurationPlatforms) = preSolution
		Ad-Hoc|iPhone = Ad-Hoc|iPhone
		Ad-Hoc|iPhoneSimulator = Ad-Hoc|iPhoneSimulator
		AppStore|iPhone = AppStore|iPhone
		AppStore|iPhoneSimulator = AppStore|iPhoneSimulator
		Debug|iPhone = Debug|iPhone
		Debug|iPhoneSimulator = Debug|iPhoneSimulator
		Release|iPhone = Release|iPhone
		Release|iPhoneSimulator = Release|iPhoneSimulator
	EndGlobalSection
	GlobalSection(ProjectConfigurationPlatforms) = postSolution
		{7994A7C5-FBC5-486E-A345-0B7499A34589}.Ad-Hoc|iPhone.ActiveCfg = Ad-Hoc|iPhone
		{7994A7C5-FBC5-486E-A345-0B7499A34589}.Ad-Hoc|iPhone.Build.0 = Ad-Hoc|iPhone
		{7994A7C5-FBC5-486E-A345-0B7499A34589}.Ad-Hoc|iPhoneSimulator.ActiveCfg = Ad-Hoc|iPhoneSimulator
		{7994A7C5-FBC5-486E-A345-0B7499A34589}.Ad-Hoc|iPhoneSimulator.Build.0 = Ad-Hoc|iPhoneSimulator
		{7994A7C5-FBC5-486E-A345-0B7499A34589}.AppStore|iPhone.ActiveCfg = AppStore|iPhone
		{7994A7C5-FBC5-486E-A345-0B7499A34589}.AppStore|iPhone.Build.0 = AppStore|iPhone
		{7994A7C5-FBC5-486E-A345-0B7499A34589}.AppStore|iPhoneSimulator.ActiveCfg = AppStore|iPhoneSimulator
		{7994A7C5-FBC5-486E-A345-0B7499A34589}.AppStore|iPhoneSimulator.Build.0 = AppStore|iPhoneSimulator
		{7994A7C5-FBC5-486E-A345-0B7499A34589}.Debug|iPhone.ActiveCfg = Debug|iPhone
		{7994A7C5-FBC5-486E-A345-0B7499A34589}.Debug|iPhone.Build.0 = Debug|iPhone
		{7994A7C5-FBC5-486E-A345-0B7499A34589}.Debug|iPhoneSimulator.ActiveCfg = Debug|iPhoneSimulator
		{7994A7C5-FBC5-486E-A345-0B7499A34589}.Debug|iPhoneSimulator.Build.0 = Debug|iPhoneSimulator
		{7994A7C5-FBC5-486E-A345-0B7499A34589}.Release|iPhone.ActiveCfg = Release|iPhone
		{7994A7C5-FBC5-486E-A345-0B7499A34589}.Release|iPhone.Build.0 = Release|iPhone
		{7994A7C5-FBC5-486E-A345-0B7499A34589}.Release|iPhoneSimulator.ActiveCfg = Release|iPhoneSimulator
		{7994A7C5-FBC5-486E-A345-0B7499A34589}.Release|iPhoneSimulator.Build.0 = Release|iPhoneSimulator
		{E283D6C1-33BA-4323-B746-E178A1E83D64}.Ad-Hoc|iPhone.ActiveCfg = Ad-Hoc|iPhone
		{E283D6C1-33BA-4323-B746-E178A1E83D64}.Ad-Hoc|iPhone.Build.0 = Ad-Hoc|iPhone
		{E283D6C1-33BA-4323-B746-E178A1E83D64}.Ad-Hoc|iPhoneSimulator.ActiveCfg = Ad-Hoc|iPhoneSimulator
		{E283D6C1-33BA-4323-B746-E178A1E83D64}.Ad-Hoc|iPhoneSimulator.Build.0 = Ad-Hoc|iPhoneSimulator
		{E283D6C1-33BA-4323-B746-E178A1E83D64}.AppStore|iPhone.ActiveCfg = AppStore|iPhone
		{E283D6C1-33BA-4323-B746-E178A1E83D64}.AppStore|iPhone.Build.0 = AppStore|iPhone
		{E283D6C1-33BA-4323-B746-E178A1E83D64}.AppStore|iPhoneSimulator.ActiveCfg = AppStore|iPhoneSimulator
		{E283D6C1-33BA-4323-B746-E178A1E83D64}.AppStore|iPhoneSimulator.Build.0 = AppStore|iPhoneSimulator
		{E283D6C1-33BA-4323-B746-E178A1E83D64}.Debug|iPhone.ActiveCfg = Debug|iPhone
		{E283D6C1-33BA-4323-B746-E178A1E83D64}.Debug|iPhone.Build.0 = Debug|iPhone
		{E283D6C1-33BA-4323-B746-E178A1E83D64}.Debug|iPhoneSimulator.ActiveCfg = Debug|iPhoneSimulator
		{E283D6C1-33BA-4323-B746-E178A1E83D64}.Debug|iPhoneSimulator.Build.0 = Debug|iPhoneSimulator
		{E283D6C1-33BA-4323-B746-E178A1E83D64}.Release|iPhone.ActiveCfg = Release|iPhone
		{E283D6C1-33BA-4323-B746-E178A1E83D64}.Release|iPhone.Build.0 = Release|iPhone
		{E283D6C1-33BA-4323-B746-E178A1E83D64}.Release|iPhoneSimulator.ActiveCfg = Release|iPhoneSimulator
		{E283D6C1-33BA-4323-B746-E178A1E83D64}.Release|iPhoneSimulator.Build.0 = Release|iPhoneSimulator
	EndGlobalSection
	GlobalSection(SolutionProperties) = preSolution
		HideSolutionNode = FALSE
	EndGlobalSection
EndGlobal
